
Microsoft Visual Studio Solution File, Format Version 12.00
# Visual Studio Version 16
VisualStudioVersion = 16.0.29519.181
MinimumVisualStudioVersion = 10.0.40219.1
Project("{FAE04EC0-301F-11D3-BF4B-00C04F79EFBC}") = "MyPaint", "MyPaint\MyPaint.csproj", "{E57721CC-0E3D-466B-9572-EF84B33AA396}"
EndProject
Global
	GlobalSection(SolutionConfigurationPlatforms) = preSolution
		Debug|Any CPU = Debug|Any CPU
		Release|Any CPU = Release|Any CPU
	EndGlobalSection
	GlobalSection(ProjectConfigurationPlatforms) = postSolution
		{E57721CC-0E3D-466B-9572-EF84B33AA396}.Debug|Any CPU.ActiveCfg = Debug|Any CPU
		{E57721CC-0E3D-466B-9572-EF84B33AA396}.Debug|Any CPU.Build.0 = Debug|Any CPU
		{E57721CC-0E3D-466B-9572-EF84B33AA396}.Release|Any CPU.ActiveCfg = Release|Any CPU
		{E57721CC-0E3D-466B-9572-EF84B33AA396}.Release|Any CPU.Build.0 = Release|Any CPU
	EndGlobalSection
	GlobalSection(SolutionProperties) = preSolution
		HideSolutionNode = FALSE
	EndGlobalSection
	GlobalSection(ExtensibilityGlobals) = postSolution
		SolutionGuid = {787BD0A8-D1BE-4196-BD7B-8163045B0ADD}
	EndGlobalSection
EndGlobal
